
Microsoft Visual Studio Solution File, Format Version 12.00
# Visual Studio Version 16
VisualStudioVersion = 16.0.30804.86
MinimumVisualStudioVersion = 10.0.40219.1
Project("{9A19103F-16F7-4668-BE54-9A1E7A4F7556}") = "FactoryPatterns", "FactoryPatterns\FactoryPatterns.csproj", "{B7E0789A-E273-442B-8728-2E2E8BDDB6F7}"
EndProject
Project("{9A19103F-16F7-4668-BE54-9A1E7A4F7556}") = "SingleResponsibilityPrinciple", "SingleResponsibilityPrinciple\SingleResponsibilityPrinciple.csproj", "{72B62C14-EF88-4796-937C-7AE4F13A77AC}"
EndProject
Project("{9A19103F-16F7-4668-BE54-9A1E7A4F7556}") = "OpenClosedPrinciple", "OpenClosedPrinciple\OpenClosedPrinciple.csproj", "{86093B50-9440-4F96-B317-4F4BCF2F8828}"
EndProject
Project("{9A19103F-16F7-4668-BE54-9A1E7A4F7556}") = "LiskovSubstitutionPrinciple", "LiskovSubstitutionPrinciple\LiskovSubstitutionPrinciple.csproj", "{090E8FD5-A4A6-49C4-B168-ACEAA88EAB7B}"
EndProject
Project("{9A19103F-16F7-4668-BE54-9A1E7A4F7556}") = "FuncDelegate", "FuncDelegate\FuncDelegate.csproj", "{66B8B578-0B0C-4A29-98B9-8FE4B1590E44}"
EndProject
Project("{9A19103F-16F7-4668-BE54-9A1E7A4F7556}") = "EventsAndDelegates", "EventsAndDelegates\EventsAndDelegates.csproj", "{1ED62231-2C12-4D34-B9C5-D8EF132EC9C9}"
EndProject
Project("{9A19103F-16F7-4668-BE54-9A1E7A4F7556}") = "InterfaceSegregationPrinciple", "InterfaceSegregationPrinciple\InterfaceSegregationPrinciple.csproj", "{FA372763-B0A3-44BE-A27A-0401AC8A0A31}"
EndProject
Project("{9A19103F-16F7-4668-BE54-9A1E7A4F7556}") = "DependencyInversionPrinciple", "DependencyInversionPrinciple\DependencyInversionPrinciple.csproj", "{C22A433E-FB2F-405D-8550-4081F53A0F25}"
EndProject
Project("{FAE04EC0-301F-11D3-BF4B-00C04F79EFBC}") = "BuilderPatterns", "BuilderPatterns\BuilderPatterns.csproj", "{471E0B7D-0F0A-4D0D-9E56-AA88490D5A93}"
EndProject
Global
	GlobalSection(SolutionConfigurationPlatforms) = preSolution
		Debug|Any CPU = Debug|Any CPU
		Release|Any CPU = Release|Any CPU
	EndGlobalSection
	GlobalSection(ProjectConfigurationPlatforms) = postSolution
		{B7E0789A-E273-442B-8728-2E2E8BDDB6F7}.Debug|Any CPU.ActiveCfg = Debug|Any CPU
		{B7E0789A-E273-442B-8728-2E2E8BDDB6F7}.Debug|Any CPU.Build.0 = Debug|Any CPU
		{B7E0789A-E273-442B-8728-2E2E8BDDB6F7}.Release|Any CPU.ActiveCfg = Release|Any CPU
		{B7E0789A-E273-442B-8728-2E2E8BDDB6F7}.Release|Any CPU.Build.0 = Release|Any CPU
		{72B62C14-EF88-4796-937C-7AE4F13A77AC}.Debug|Any CPU.ActiveCfg = Debug|Any CPU
		{72B62C14-EF88-4796-937C-7AE4F13A77AC}.Debug|Any CPU.Build.0 = Debug|Any CPU
		{72B62C14-EF88-4796-937C-7AE4F13A77AC}.Release|Any CPU.ActiveCfg = Release|Any CPU
		{72B62C14-EF88-4796-937C-7AE4F13A77AC}.Release|Any CPU.Build.0 = Release|Any CPU
		{86093B50-9440-4F96-B317-4F4BCF2F8828}.Debug|Any CPU.ActiveCfg = Debug|Any CPU
		{86093B50-9440-4F96-B317-4F4BCF2F8828}.Debug|Any CPU.Build.0 = Debug|Any CPU
		{86093B50-9440-4F96-B317-4F4BCF2F8828}.Release|Any CPU.ActiveCfg = Release|Any CPU
		{86093B50-9440-4F96-B317-4F4BCF2F8828}.Release|Any CPU.Build.0 = Release|Any CPU
		{090E8FD5-A4A6-49C4-B168-ACEAA88EAB7B}.Debug|Any CPU.ActiveCfg = Debug|Any CPU
		{090E8FD5-A4A6-49C4-B168-ACEAA88EAB7B}.Debug|Any CPU.Build.0 = Debug|Any CPU
		{090E8FD5-A4A6-49C4-B168-ACEAA88EAB7B}.Release|Any CPU.ActiveCfg = Release|Any CPU
		{090E8FD5-A4A6-49C4-B168-ACEAA88EAB7B}.Release|Any CPU.Build.0 = Release|Any CPU
		{66B8B578-0B0C-4A29-98B9-8FE4B1590E44}.Debug|Any CPU.ActiveCfg = Debug|Any CPU
		{66B8B578-0B0C-4A29-98B9-8FE4B1590E44}.Debug|Any CPU.Build.0 = Debug|Any CPU
		{66B8B578-0B0C-4A29-98B9-8FE4B1590E44}.Release|Any CPU.ActiveCfg = Release|Any CPU
		{66B8B578-0B0C-4A29-98B9-8FE4B1590E44}.Release|Any CPU.Build.0 = Release|Any CPU
		{1ED62231-2C12-4D34-B9C5-D8EF132EC9C9}.Debug|Any CPU.ActiveCfg = Debug|Any CPU
		{1ED62231-2C12-4D34-B9C5-D8EF132EC9C9}.Debug|Any CPU.Build.0 = Debug|Any CPU
		{1ED62231-2C12-4D34-B9C5-D8EF132EC9C9}.Release|Any CPU.ActiveCfg = Release|Any CPU
		{1ED62231-2C12-4D34-B9C5-D8EF132EC9C9}.Release|Any CPU.Build.0 = Release|Any CPU
		{FA372763-B0A3-44BE-A27A-0401AC8A0A31}.Debug|Any CPU.ActiveCfg = Debug|Any CPU
		{FA372763-B0A3-44BE-A27A-0401AC8A0A31}.Debug|Any CPU.Build.0 = Debug|Any CPU
		{FA372763-B0A3-44BE-A27A-0401AC8A0A31}.Release|Any CPU.ActiveCfg = Release|Any CPU
		{FA372763-B0A3-44BE-A27A-0401AC8A0A31}.Release|Any CPU.Build.0 = Release|Any CPU
		{C22A433E-FB2F-405D-8550-4081F53A0F25}.Debug|Any CPU.ActiveCfg = Debug|Any CPU
		{C22A433E-FB2F-405D-8550-4081F53A0F25}.Debug|Any CPU.Build.0 = Debug|Any CPU
		{C22A433E-FB2F-405D-8550-4081F53A0F25}.Release|Any CPU.ActiveCfg = Release|Any CPU
		{C22A433E-FB2F-405D-8550-4081F53A0F25}.Release|Any CPU.Build.0 = Release|Any CPU
		{471E0B7D-0F0A-4D0D-9E56-AA88490D5A93}.Debug|Any CPU.ActiveCfg = Debug|Any CPU
		{471E0B7D-0F0A-4D0D-9E56-AA88490D5A93}.Debug|Any CPU.Build.0 = Debug|Any CPU
		{471E0B7D-0F0A-4D0D-9E56-AA88490D5A93}.Release|Any CPU.ActiveCfg = Release|Any CPU
		{471E0B7D-0F0A-4D0D-9E56-AA88490D5A93}.Release|Any CPU.Build.0 = Release|Any CPU
	EndGlobalSection
	GlobalSection(SolutionProperties) = preSolution
		HideSolutionNode = FALSE
	EndGlobalSection
	GlobalSection(ExtensibilityGlobals) = postSolution
		SolutionGuid = {2755B67D-12CE-4F15-9074-13FA6A40E1A7}
	EndGlobalSection
EndGlobal
